
Microsoft Visual Studio Solution File, Format Version 12.00
# Visual Studio Version 17
VisualStudioVersion = 17.4.33403.182
MinimumVisualStudioVersion = 10.0.40219.1
Project("{2150E333-8FDC-42A3-9474-1A3956D46DE8}") = "src", "src", "{DCAA095E-2796-41FA-A1D0-1134E29309E7}"
EndProject
Project("{2150E333-8FDC-42A3-9474-1A3956D46DE8}") = "tests", "tests", "{06861454-9561-492A-9F93-A33B6F7AE3AB}"
EndProject
Project("{2150E333-8FDC-42A3-9474-1A3956D46DE8}") = "unit", "unit", "{C778E127-C02C-4A37-8E85-3D86DCC063DC}"
EndProject
Project("{2150E333-8FDC-42A3-9474-1A3956D46DE8}") = "acceptance", "acceptance", "{93EBAE55-A8BA-40FF-93AA-7D9E4359B6B9}"
EndProject
Project("{9A19103F-16F7-4668-BE54-9A1E7A4F7556}") = "GarbageCollection", "src\Assignment9\GarbageCollection\GarbageCollection.csproj", "{BDD8E31D-EEE9-40E6-958C-E24B70596A86}"
EndProject
Project("{9A19103F-16F7-4668-BE54-9A1E7A4F7556}") = "ValueAndReferenceTypes", "src\Assignment9\ValueAndReferenceTypes\ValueAndReferenceTypes.csproj", "{084A057B-7E9D-439C-8820-B40ACA536A5A}"
EndProject
Project("{9A19103F-16F7-4668-BE54-9A1E7A4F7556}") = "IDisposableDemo", "src\Assignment9\IDisposableDemo\IDisposableDemo.csproj", "{E585979C-3D40-4D5B-AF6A-32DE8B057C0D}"
EndProject
Project("{9A19103F-16F7-4668-BE54-9A1E7A4F7556}") = "Assignment8", "src\Assignment8\Assignment8.csproj", "{FBFD0273-9CF8-43EA-B750-13D14B6F753F}"
EndProject
Project("{9A19103F-16F7-4668-BE54-9A1E7A4F7556}") = "Assignment7", "src\Assignment7\Git\Assignment7.csproj", "{C78CDB63-0D89-4421-A39C-CE5BEC0B55D9}"
EndProject
Project("{2150E333-8FDC-42A3-9474-1A3956D46DE8}") = "CSharpConsoleSolution", "CSharpConsoleSolution", "{20366A22-F260-4BC3-B9CF-FA3647AFEE76}"
	ProjectSection(SolutionItems) = preProject
		src\Assignment9\Readme.md = src\Assignment9\Readme.md
	EndProjectSection
EndProject
Project("{9A19103F-16F7-4668-BE54-9A1E7A4F7556}") = "Assignment1", "src\Assignment1\Assignment1.csproj", "{D53A88BD-0639-4A11-BE86-87D75337180F}"
EndProject
Project("{9A19103F-16F7-4668-BE54-9A1E7A4F7556}") = "Assignment2", "src\Assignment2\Assignment2.csproj", "{D718BC05-D53A-42E4-A378-B9372CD1CA89}"
EndProject
Project("{9A19103F-16F7-4668-BE54-9A1E7A4F7556}") = "ExtendedValueAndReferenceType", "src\Assignment9\ExtendedValueAndReferenceType\ExtendedValueAndReferenceType.csproj", "{44AD417F-51C5-42AC-A3DC-E5F3F2B80258}"
EndProject
Project("{9A19103F-16F7-4668-BE54-9A1E7A4F7556}") = "ErrorHandling", "src\Assignment11\ErrorHandling\ErrorHandling.csproj", "{5F552084-26BE-4BDC-9FAC-D176DE0DCA59}"
EndProject
Project("{2150E333-8FDC-42A3-9474-1A3956D46DE8}") = "ObjectOriented", "ObjectOriented", "{EBC6E90A-E08F-4D60-BBCE-1D947A78E216}"
EndProject
Project("{9A19103F-16F7-4668-BE54-9A1E7A4F7556}") = "Assignment3", "src\Assignment3\Assignment3.csproj", "{36841C1F-4EB2-4040-A4D0-5867D47D50CC}"
EndProject
Project("{9A19103F-16F7-4668-BE54-9A1E7A4F7556}") = "BankingSystem", "src\Assignment6\BankingSystem\BankingSystem.csproj", "{982B3BBA-0BD4-4538-A155-C0ECE4DD0180}"
EndProject
Project("{9A19103F-16F7-4668-BE54-9A1E7A4F7556}") = "EmployeeHierarchy", "src\Assignment6\EmployeeHierarchy\EmployeeHierarchy.csproj", "{FF5E1AC5-969F-4D48-B9CC-757EE1E17B7F}"
EndProject
Project("{9A19103F-16F7-4668-BE54-9A1E7A4F7556}") = "ShapeHierarchy", "src\Assignment6\ShapeHierarchy\ShapeHierarchy.csproj", "{D31A3EF7-BC42-43D3-8FEB-A42803CC3818}"
EndProject
Project("{2150E333-8FDC-42A3-9474-1A3956D46DE8}") = "CsharpSolution", "CsharpSolution", "{67AB8D35-0211-4BDE-9AEB-85C2F9143AC7}"
EndProject
Project("{9A19103F-16F7-4668-BE54-9A1E7A4F7556}") = "ProjectAGreetingsApp", "src\Assignment4\ProjectAGreetingsApp\ProjectAGreetingsApp.csproj", "{E92D1C37-F76F-4874-9B4F-624AD7CD79B6}"
EndProject
Project("{9A19103F-16F7-4668-BE54-9A1E7A4F7556}") = "ProjectBMathApp", "src\Assignment4\ProjectBMathApp\ProjectBMathApp.csproj", "{638C73DA-FE73-4B4C-8BDC-7F8BDD4DC794}"
EndProject
Project("{9A19103F-16F7-4668-BE54-9A1E7A4F7556}") = "ProjectCDisplayApp", "src\Assignment4\ProjectCDisplayApp\ProjectCDisplayApp.csproj", "{5FCC09A3-2217-4CA2-B798-54573D8F1C61}"
EndProject
Project("{9A19103F-16F7-4668-BE54-9A1E7A4F7556}") = "ProjectDUtilityApp", "src\Assignment4\ProjectDUtilityApp\ProjectDUtilityApp.csproj", "{411AC890-50A7-46CA-BF77-BC51BCB7BA25}"
EndProject
Project("{9A19103F-16F7-4668-BE54-9A1E7A4F7556}") = "ProjectEHelperApp", "src\Assignment4\ProjectEHelperApp\ProjectEHelperApp.csproj", "{9B40DD45-2E17-428D-ACC3-CDEC507A92B6}"
EndProject
Project("{2150E333-8FDC-42A3-9474-1A3956D46DE8}") = "CsharpSolution", "CsharpSolution", "{69E7F4AC-2B55-487D-A972-CDF17808030B}"
EndProject
Project("{9A19103F-16F7-4668-BE54-9A1E7A4F7556}") = "Assignment20", "src\Assignment20\Assignment20.csproj", "{665FC57A-38EE-4716-BC1F-8288448CA116}"
EndProject
Project("{9A19103F-16F7-4668-BE54-9A1E7A4F7556}") = "LINQTest", "tests\unit\Assignment20\LINQTest\LINQTest.csproj", "{D990F097-9B13-4D7C-978C-3D0550A7E22A}"
EndProject
Global
	GlobalSection(SolutionConfigurationPlatforms) = preSolution
		Debug|Any CPU = Debug|Any CPU
		Release|Any CPU = Release|Any CPU
	EndGlobalSection
	GlobalSection(ProjectConfigurationPlatforms) = postSolution
		{BDD8E31D-EEE9-40E6-958C-E24B70596A86}.Debug|Any CPU.ActiveCfg = Debug|Any CPU
		{BDD8E31D-EEE9-40E6-958C-E24B70596A86}.Debug|Any CPU.Build.0 = Debug|Any CPU
		{BDD8E31D-EEE9-40E6-958C-E24B70596A86}.Release|Any CPU.ActiveCfg = Release|Any CPU
		{BDD8E31D-EEE9-40E6-958C-E24B70596A86}.Release|Any CPU.Build.0 = Release|Any CPU
		{084A057B-7E9D-439C-8820-B40ACA536A5A}.Debug|Any CPU.ActiveCfg = Debug|Any CPU
		{084A057B-7E9D-439C-8820-B40ACA536A5A}.Debug|Any CPU.Build.0 = Debug|Any CPU
		{084A057B-7E9D-439C-8820-B40ACA536A5A}.Release|Any CPU.ActiveCfg = Release|Any CPU
		{084A057B-7E9D-439C-8820-B40ACA536A5A}.Release|Any CPU.Build.0 = Release|Any CPU
		{E585979C-3D40-4D5B-AF6A-32DE8B057C0D}.Debug|Any CPU.ActiveCfg = Debug|Any CPU
		{E585979C-3D40-4D5B-AF6A-32DE8B057C0D}.Debug|Any CPU.Build.0 = Debug|Any CPU
		{E585979C-3D40-4D5B-AF6A-32DE8B057C0D}.Release|Any CPU.ActiveCfg = Release|Any CPU
		{E585979C-3D40-4D5B-AF6A-32DE8B057C0D}.Release|Any CPU.Build.0 = Release|Any CPU
		{FBFD0273-9CF8-43EA-B750-13D14B6F753F}.Debug|Any CPU.ActiveCfg = Debug|Any CPU
		{FBFD0273-9CF8-43EA-B750-13D14B6F753F}.Debug|Any CPU.Build.0 = Debug|Any CPU
		{FBFD0273-9CF8-43EA-B750-13D14B6F753F}.Release|Any CPU.ActiveCfg = Release|Any CPU
		{FBFD0273-9CF8-43EA-B750-13D14B6F753F}.Release|Any CPU.Build.0 = Release|Any CPU
		{C78CDB63-0D89-4421-A39C-CE5BEC0B55D9}.Debug|Any CPU.ActiveCfg = Debug|Any CPU
		{C78CDB63-0D89-4421-A39C-CE5BEC0B55D9}.Debug|Any CPU.Build.0 = Debug|Any CPU
		{C78CDB63-0D89-4421-A39C-CE5BEC0B55D9}.Release|Any CPU.ActiveCfg = Release|Any CPU
		{C78CDB63-0D89-4421-A39C-CE5BEC0B55D9}.Release|Any CPU.Build.0 = Release|Any CPU
		{D53A88BD-0639-4A11-BE86-87D75337180F}.Debug|Any CPU.ActiveCfg = Debug|Any CPU
		{D53A88BD-0639-4A11-BE86-87D75337180F}.Release|Any CPU.ActiveCfg = Release|Any CPU
		{D718BC05-D53A-42E4-A378-B9372CD1CA89}.Debug|Any CPU.ActiveCfg = Debug|Any CPU
		{D718BC05-D53A-42E4-A378-B9372CD1CA89}.Release|Any CPU.ActiveCfg = Release|Any CPU
		{D718BC05-D53A-42E4-A378-B9372CD1CA89}.Release|Any CPU.Build.0 = Release|Any CPU
		{44AD417F-51C5-42AC-A3DC-E5F3F2B80258}.Debug|Any CPU.ActiveCfg = Debug|Any CPU
		{44AD417F-51C5-42AC-A3DC-E5F3F2B80258}.Debug|Any CPU.Build.0 = Debug|Any CPU
		{44AD417F-51C5-42AC-A3DC-E5F3F2B80258}.Release|Any CPU.ActiveCfg = Release|Any CPU
		{44AD417F-51C5-42AC-A3DC-E5F3F2B80258}.Release|Any CPU.Build.0 = Release|Any CPU
		{5F552084-26BE-4BDC-9FAC-D176DE0DCA59}.Debug|Any CPU.ActiveCfg = Debug|Any CPU
		{5F552084-26BE-4BDC-9FAC-D176DE0DCA59}.Debug|Any CPU.Build.0 = Debug|Any CPU
		{5F552084-26BE-4BDC-9FAC-D176DE0DCA59}.Release|Any CPU.ActiveCfg = Release|Any CPU
		{5F552084-26BE-4BDC-9FAC-D176DE0DCA59}.Release|Any CPU.Build.0 = Release|Any CPU
		{36841C1F-4EB2-4040-A4D0-5867D47D50CC}.Debug|Any CPU.ActiveCfg = Debug|Any CPU
		{36841C1F-4EB2-4040-A4D0-5867D47D50CC}.Debug|Any CPU.Build.0 = Debug|Any CPU
		{36841C1F-4EB2-4040-A4D0-5867D47D50CC}.Release|Any CPU.ActiveCfg = Release|Any CPU
		{36841C1F-4EB2-4040-A4D0-5867D47D50CC}.Release|Any CPU.Build.0 = Release|Any CPU
		{982B3BBA-0BD4-4538-A155-C0ECE4DD0180}.Debug|Any CPU.ActiveCfg = Debug|Any CPU
		{982B3BBA-0BD4-4538-A155-C0ECE4DD0180}.Release|Any CPU.ActiveCfg = Release|Any CPU
		{FF5E1AC5-969F-4D48-B9CC-757EE1E17B7F}.Debug|Any CPU.ActiveCfg = Debug|Any CPU
		{FF5E1AC5-969F-4D48-B9CC-757EE1E17B7F}.Release|Any CPU.ActiveCfg = Release|Any CPU
		{D31A3EF7-BC42-43D3-8FEB-A42803CC3818}.Debug|Any CPU.ActiveCfg = Debug|Any CPU
		{D31A3EF7-BC42-43D3-8FEB-A42803CC3818}.Release|Any CPU.ActiveCfg = Release|Any CPU
		{E92D1C37-F76F-4874-9B4F-624AD7CD79B6}.Debug|Any CPU.ActiveCfg = Debug|Any CPU
		{E92D1C37-F76F-4874-9B4F-624AD7CD79B6}.Debug|Any CPU.Build.0 = Debug|Any CPU
		{E92D1C37-F76F-4874-9B4F-624AD7CD79B6}.Release|Any CPU.ActiveCfg = Release|Any CPU
		{E92D1C37-F76F-4874-9B4F-624AD7CD79B6}.Release|Any CPU.Build.0 = Release|Any CPU
		{638C73DA-FE73-4B4C-8BDC-7F8BDD4DC794}.Debug|Any CPU.ActiveCfg = Debug|Any CPU
		{638C73DA-FE73-4B4C-8BDC-7F8BDD4DC794}.Debug|Any CPU.Build.0 = Debug|Any CPU
		{638C73DA-FE73-4B4C-8BDC-7F8BDD4DC794}.Release|Any CPU.ActiveCfg = Release|Any CPU
		{638C73DA-FE73-4B4C-8BDC-7F8BDD4DC794}.Release|Any CPU.Build.0 = Release|Any CPU
		{5FCC09A3-2217-4CA2-B798-54573D8F1C61}.Debug|Any CPU.ActiveCfg = Debug|Any CPU
		{5FCC09A3-2217-4CA2-B798-54573D8F1C61}.Debug|Any CPU.Build.0 = Debug|Any CPU
		{5FCC09A3-2217-4CA2-B798-54573D8F1C61}.Release|Any CPU.ActiveCfg = Release|Any CPU
		{5FCC09A3-2217-4CA2-B798-54573D8F1C61}.Release|Any CPU.Build.0 = Release|Any CPU
		{411AC890-50A7-46CA-BF77-BC51BCB7BA25}.Debug|Any CPU.ActiveCfg = Debug|Any CPU
		{411AC890-50A7-46CA-BF77-BC51BCB7BA25}.Debug|Any CPU.Build.0 = Debug|Any CPU
		{411AC890-50A7-46CA-BF77-BC51BCB7BA25}.Release|Any CPU.ActiveCfg = Release|Any CPU
		{411AC890-50A7-46CA-BF77-BC51BCB7BA25}.Release|Any CPU.Build.0 = Release|Any CPU
		{9B40DD45-2E17-428D-ACC3-CDEC507A92B6}.Debug|Any CPU.ActiveCfg = Debug|Any CPU
		{9B40DD45-2E17-428D-ACC3-CDEC507A92B6}.Debug|Any CPU.Build.0 = Debug|Any CPU
		{9B40DD45-2E17-428D-ACC3-CDEC507A92B6}.Release|Any CPU.ActiveCfg = Release|Any CPU
		{9B40DD45-2E17-428D-ACC3-CDEC507A92B6}.Release|Any CPU.Build.0 = Release|Any CPU
		{665FC57A-38EE-4716-BC1F-8288448CA116}.Debug|Any CPU.ActiveCfg = Debug|Any CPU
		{665FC57A-38EE-4716-BC1F-8288448CA116}.Debug|Any CPU.Build.0 = Debug|Any CPU
		{665FC57A-38EE-4716-BC1F-8288448CA116}.Release|Any CPU.ActiveCfg = Release|Any CPU
		{665FC57A-38EE-4716-BC1F-8288448CA116}.Release|Any CPU.Build.0 = Release|Any CPU
		{D990F097-9B13-4D7C-978C-3D0550A7E22A}.Debug|Any CPU.ActiveCfg = Debug|Any CPU
		{D990F097-9B13-4D7C-978C-3D0550A7E22A}.Debug|Any CPU.Build.0 = Debug|Any CPU
		{D990F097-9B13-4D7C-978C-3D0550A7E22A}.Release|Any CPU.ActiveCfg = Release|Any CPU
		{D990F097-9B13-4D7C-978C-3D0550A7E22A}.Release|Any CPU.Build.0 = Release|Any CPU
	EndGlobalSection
	GlobalSection(SolutionProperties) = preSolution
		HideSolutionNode = FALSE
	EndGlobalSection
	GlobalSection(NestedProjects) = preSolution
		{C778E127-C02C-4A37-8E85-3D86DCC063DC} = {06861454-9561-492A-9F93-A33B6F7AE3AB}
		{93EBAE55-A8BA-40FF-93AA-7D9E4359B6B9} = {06861454-9561-492A-9F93-A33B6F7AE3AB}
		{BDD8E31D-EEE9-40E6-958C-E24B70596A86} = {20366A22-F260-4BC3-B9CF-FA3647AFEE76}
		{084A057B-7E9D-439C-8820-B40ACA536A5A} = {20366A22-F260-4BC3-B9CF-FA3647AFEE76}
		{E585979C-3D40-4D5B-AF6A-32DE8B057C0D} = {20366A22-F260-4BC3-B9CF-FA3647AFEE76}
		{FBFD0273-9CF8-43EA-B750-13D14B6F753F} = {DCAA095E-2796-41FA-A1D0-1134E29309E7}
		{C78CDB63-0D89-4421-A39C-CE5BEC0B55D9} = {DCAA095E-2796-41FA-A1D0-1134E29309E7}
		{20366A22-F260-4BC3-B9CF-FA3647AFEE76} = {DCAA095E-2796-41FA-A1D0-1134E29309E7}
		{D53A88BD-0639-4A11-BE86-87D75337180F} = {DCAA095E-2796-41FA-A1D0-1134E29309E7}
		{D718BC05-D53A-42E4-A378-B9372CD1CA89} = {DCAA095E-2796-41FA-A1D0-1134E29309E7}
		{44AD417F-51C5-42AC-A3DC-E5F3F2B80258} = {20366A22-F260-4BC3-B9CF-FA3647AFEE76}
		{5F552084-26BE-4BDC-9FAC-D176DE0DCA59} = {DCAA095E-2796-41FA-A1D0-1134E29309E7}
		{EBC6E90A-E08F-4D60-BBCE-1D947A78E216} = {DCAA095E-2796-41FA-A1D0-1134E29309E7}
		{36841C1F-4EB2-4040-A4D0-5867D47D50CC} = {DCAA095E-2796-41FA-A1D0-1134E29309E7}
		{982B3BBA-0BD4-4538-A155-C0ECE4DD0180} = {EBC6E90A-E08F-4D60-BBCE-1D947A78E216}
		{FF5E1AC5-969F-4D48-B9CC-757EE1E17B7F} = {EBC6E90A-E08F-4D60-BBCE-1D947A78E216}
		{D31A3EF7-BC42-43D3-8FEB-A42803CC3818} = {EBC6E90A-E08F-4D60-BBCE-1D947A78E216}
		{67AB8D35-0211-4BDE-9AEB-85C2F9143AC7} = {DCAA095E-2796-41FA-A1D0-1134E29309E7}
		{E92D1C37-F76F-4874-9B4F-624AD7CD79B6} = {67AB8D35-0211-4BDE-9AEB-85C2F9143AC7}
		{638C73DA-FE73-4B4C-8BDC-7F8BDD4DC794} = {67AB8D35-0211-4BDE-9AEB-85C2F9143AC7}
		{5FCC09A3-2217-4CA2-B798-54573D8F1C61} = {67AB8D35-0211-4BDE-9AEB-85C2F9143AC7}
		{411AC890-50A7-46CA-BF77-BC51BCB7BA25} = {67AB8D35-0211-4BDE-9AEB-85C2F9143AC7}
		{9B40DD45-2E17-428D-ACC3-CDEC507A92B6} = {67AB8D35-0211-4BDE-9AEB-85C2F9143AC7}
		{665FC57A-38EE-4716-BC1F-8288448CA116} = {DCAA095E-2796-41FA-A1D0-1134E29309E7}
		{D990F097-9B13-4D7C-978C-3D0550A7E22A} = {C778E127-C02C-4A37-8E85-3D86DCC063DC}
	EndGlobalSection
	GlobalSection(ExtensibilityGlobals) = postSolution
		SolutionGuid = {D4CECB66-8E11-49D9-AA1E-464EE0231450}
	EndGlobalSection
EndGlobal
