
Microsoft Visual Studio Solution File, Format Version 12.00
# Visual Studio Version 17
VisualStudioVersion = 17.4.33403.182
MinimumVisualStudioVersion = 10.0.40219.1
Project("{2150E333-8FDC-42A3-9474-1A3956D46DE8}") = "src", "src", "{DCAA095E-2796-41FA-A1D0-1134E29309E7}"
EndProject
Project("{2150E333-8FDC-42A3-9474-1A3956D46DE8}") = "tests", "tests", "{06861454-9561-492A-9F93-A33B6F7AE3AB}"
EndProject
Project("{2150E333-8FDC-42A3-9474-1A3956D46DE8}") = "unit", "unit", "{C778E127-C02C-4A37-8E85-3D86DCC063DC}"
EndProject
Project("{2150E333-8FDC-42A3-9474-1A3956D46DE8}") = "acceptance", "acceptance", "{93EBAE55-A8BA-40FF-93AA-7D9E4359B6B9}"
EndProject
Project("{9A19103F-16F7-4668-BE54-9A1E7A4F7556}") = "Banking System", "src\Assignment6\Banking_System\Banking System.csproj", "{DAE38996-851B-452B-9959-61FD66396B29}"
EndProject
Project("{9A19103F-16F7-4668-BE54-9A1E7A4F7556}") = "Employee Hierarchy", "src\Assignment6\Employee_Hierarchy\Employee Hierarchy.csproj", "{FF04CB19-51E7-4CA9-8E87-30D3CFEF04D8}"
EndProject
Project("{9A19103F-16F7-4668-BE54-9A1E7A4F7556}") = "Shape Hierarchy", "src\Assignment6\Shape_Hierarchy\Shape Hierarchy.csproj", "{A8AF4E6E-3FC3-4C4F-ABD6-1EE6DECF49BB}"
EndProject
Project("{9A19103F-16F7-4668-BE54-9A1E7A4F7556}") = "ProjectAGreetingsApp", "src\Assignment4\ProjectAGreetingsApp\ProjectAGreetingsApp.csproj", "{E56BB197-D9E4-41A5-92D9-4A8DE73D64C0}"
EndProject
Project("{9A19103F-16F7-4668-BE54-9A1E7A4F7556}") = "ProjectBMathApp", "src\Assignment4\ProjectBMathApp\ProjectBMathApp.csproj", "{0F9A7B36-541A-4EB2-AC1F-0D9C2AABC213}"
EndProject
Project("{9A19103F-16F7-4668-BE54-9A1E7A4F7556}") = "ProjectCDisplayApp", "src\Assignment4\ProjectCDisplayApp\ProjectCDisplayApp.csproj", "{B5760780-D5D1-41DD-9482-B8D41619A4F3}"
EndProject
Project("{9A19103F-16F7-4668-BE54-9A1E7A4F7556}") = "ProjectDUtilityApp", "src\Assignment4\ProjectDUtilityApp\ProjectDUtilityApp.csproj", "{55A2D67F-16D5-4EBC-B0AB-75EEE7F67E9D}"
EndProject
Project("{9A19103F-16F7-4668-BE54-9A1E7A4F7556}") = "ProjectEHelperApp", "src\Assignment4\ProjectEHelperApp\ProjectEHelperApp.csproj", "{10285DF2-04D5-4721-BD33-899392B48274}"
EndProject
Project("{2150E333-8FDC-42A3-9474-1A3956D46DE8}") = "CSharpConsoleSolution", "CSharpConsoleSolution", "{20366A22-F260-4BC3-B9CF-FA3647AFEE76}"
EndProject
Project("{9A19103F-16F7-4668-BE54-9A1E7A4F7556}") = "Assignment1", "src\Assignment1\Assignment1.csproj", "{D53A88BD-0639-4A11-BE86-87D75337180F}"
EndProject
Project("{9A19103F-16F7-4668-BE54-9A1E7A4F7556}") = "Assignment2", "src\Assignment2\Assignment2.csproj", "{D718BC05-D53A-42E4-A378-B9372CD1CA89}"
EndProject
Project("{2150E333-8FDC-42A3-9474-1A3956D46DE8}") = "Object-Oriented", "Object-Oriented", "{EBC6E90A-E08F-4D60-BBCE-1D947A78E216}"
EndProject
Global
	GlobalSection(SolutionConfigurationPlatforms) = preSolution
		Debug|Any CPU = Debug|Any CPU
		Release|Any CPU = Release|Any CPU
	EndGlobalSection
	GlobalSection(ProjectConfigurationPlatforms) = postSolution
		{DAE38996-851B-452B-9959-61FD66396B29}.Debug|Any CPU.ActiveCfg = Debug|Any CPU
		{DAE38996-851B-452B-9959-61FD66396B29}.Debug|Any CPU.Build.0 = Debug|Any CPU
		{DAE38996-851B-452B-9959-61FD66396B29}.Release|Any CPU.ActiveCfg = Release|Any CPU
		{DAE38996-851B-452B-9959-61FD66396B29}.Release|Any CPU.Build.0 = Release|Any CPU
		{FF04CB19-51E7-4CA9-8E87-30D3CFEF04D8}.Debug|Any CPU.ActiveCfg = Debug|Any CPU
		{FF04CB19-51E7-4CA9-8E87-30D3CFEF04D8}.Debug|Any CPU.Build.0 = Debug|Any CPU
		{FF04CB19-51E7-4CA9-8E87-30D3CFEF04D8}.Release|Any CPU.ActiveCfg = Release|Any CPU
		{FF04CB19-51E7-4CA9-8E87-30D3CFEF04D8}.Release|Any CPU.Build.0 = Release|Any CPU
		{A8AF4E6E-3FC3-4C4F-ABD6-1EE6DECF49BB}.Debug|Any CPU.ActiveCfg = Debug|Any CPU
		{A8AF4E6E-3FC3-4C4F-ABD6-1EE6DECF49BB}.Debug|Any CPU.Build.0 = Debug|Any CPU
		{A8AF4E6E-3FC3-4C4F-ABD6-1EE6DECF49BB}.Release|Any CPU.ActiveCfg = Release|Any CPU
		{A8AF4E6E-3FC3-4C4F-ABD6-1EE6DECF49BB}.Release|Any CPU.Build.0 = Release|Any CPU
		{E56BB197-D9E4-41A5-92D9-4A8DE73D64C0}.Debug|Any CPU.ActiveCfg = Debug|Any CPU
		{E56BB197-D9E4-41A5-92D9-4A8DE73D64C0}.Release|Any CPU.ActiveCfg = Release|Any CPU
		{0F9A7B36-541A-4EB2-AC1F-0D9C2AABC213}.Debug|Any CPU.ActiveCfg = Debug|Any CPU
		{0F9A7B36-541A-4EB2-AC1F-0D9C2AABC213}.Release|Any CPU.ActiveCfg = Release|Any CPU
		{B5760780-D5D1-41DD-9482-B8D41619A4F3}.Debug|Any CPU.ActiveCfg = Debug|Any CPU
		{B5760780-D5D1-41DD-9482-B8D41619A4F3}.Release|Any CPU.ActiveCfg = Release|Any CPU
		{55A2D67F-16D5-4EBC-B0AB-75EEE7F67E9D}.Debug|Any CPU.ActiveCfg = Debug|Any CPU
		{55A2D67F-16D5-4EBC-B0AB-75EEE7F67E9D}.Release|Any CPU.ActiveCfg = Release|Any CPU
		{10285DF2-04D5-4721-BD33-899392B48274}.Debug|Any CPU.ActiveCfg = Debug|Any CPU
		{10285DF2-04D5-4721-BD33-899392B48274}.Release|Any CPU.ActiveCfg = Release|Any CPU
		{D53A88BD-0639-4A11-BE86-87D75337180F}.Debug|Any CPU.ActiveCfg = Debug|Any CPU
		{D53A88BD-0639-4A11-BE86-87D75337180F}.Debug|Any CPU.Build.0 = Debug|Any CPU
		{D53A88BD-0639-4A11-BE86-87D75337180F}.Release|Any CPU.ActiveCfg = Release|Any CPU
		{D53A88BD-0639-4A11-BE86-87D75337180F}.Release|Any CPU.Build.0 = Release|Any CPU
		{D718BC05-D53A-42E4-A378-B9372CD1CA89}.Debug|Any CPU.ActiveCfg = Debug|Any CPU
		{D718BC05-D53A-42E4-A378-B9372CD1CA89}.Debug|Any CPU.Build.0 = Debug|Any CPU
		{D718BC05-D53A-42E4-A378-B9372CD1CA89}.Release|Any CPU.ActiveCfg = Release|Any CPU
		{D718BC05-D53A-42E4-A378-B9372CD1CA89}.Release|Any CPU.Build.0 = Release|Any CPU
	EndGlobalSection
	GlobalSection(SolutionProperties) = preSolution
		HideSolutionNode = FALSE
	EndGlobalSection
	GlobalSection(NestedProjects) = preSolution
		{C778E127-C02C-4A37-8E85-3D86DCC063DC} = {06861454-9561-492A-9F93-A33B6F7AE3AB}
		{93EBAE55-A8BA-40FF-93AA-7D9E4359B6B9} = {06861454-9561-492A-9F93-A33B6F7AE3AB}
		{DAE38996-851B-452B-9959-61FD66396B29} = {EBC6E90A-E08F-4D60-BBCE-1D947A78E216}
		{FF04CB19-51E7-4CA9-8E87-30D3CFEF04D8} = {EBC6E90A-E08F-4D60-BBCE-1D947A78E216}
		{A8AF4E6E-3FC3-4C4F-ABD6-1EE6DECF49BB} = {EBC6E90A-E08F-4D60-BBCE-1D947A78E216}
		{E56BB197-D9E4-41A5-92D9-4A8DE73D64C0} = {20366A22-F260-4BC3-B9CF-FA3647AFEE76}
		{0F9A7B36-541A-4EB2-AC1F-0D9C2AABC213} = {20366A22-F260-4BC3-B9CF-FA3647AFEE76}
		{B5760780-D5D1-41DD-9482-B8D41619A4F3} = {20366A22-F260-4BC3-B9CF-FA3647AFEE76}
		{55A2D67F-16D5-4EBC-B0AB-75EEE7F67E9D} = {20366A22-F260-4BC3-B9CF-FA3647AFEE76}
		{10285DF2-04D5-4721-BD33-899392B48274} = {20366A22-F260-4BC3-B9CF-FA3647AFEE76}
		{20366A22-F260-4BC3-B9CF-FA3647AFEE76} = {DCAA095E-2796-41FA-A1D0-1134E29309E7}
		{D53A88BD-0639-4A11-BE86-87D75337180F} = {DCAA095E-2796-41FA-A1D0-1134E29309E7}
		{D718BC05-D53A-42E4-A378-B9372CD1CA89} = {DCAA095E-2796-41FA-A1D0-1134E29309E7}
		{EBC6E90A-E08F-4D60-BBCE-1D947A78E216} = {DCAA095E-2796-41FA-A1D0-1134E29309E7}
	EndGlobalSection
	GlobalSection(ExtensibilityGlobals) = postSolution
		SolutionGuid = {D4CECB66-8E11-49D9-AA1E-464EE0231450}
	EndGlobalSection
EndGlobal
