
Microsoft Visual Studio Solution File, Format Version 12.00
# Visual Studio Version 17
VisualStudioVersion = 17.7.34202.233
MinimumVisualStudioVersion = 10.0.40219.1
Project("{9A19103F-16F7-4668-BE54-9A1E7A4F7556}") = "ExpenseTracker", "ExpenseTracker\ExpenseTracker\ExpenseTracker.csproj", "{1A8719A7-40FB-4FB4-B941-6D46FDF39A1A}"
EndProject
Project("{FAE04EC0-301F-11D3-BF4B-00C04F79EFBC}") = "ExpenseTrackerTest", "ExpenseTracker\ExpenseTrackerTest\ExpenseTrackerTest.csproj", "{8E7057DC-71A4-4D7D-83EC-4327E3863BE6}"
EndProject
Global
	GlobalSection(SolutionConfigurationPlatforms) = preSolution
		Debug|Any CPU = Debug|Any CPU
		Release|Any CPU = Release|Any CPU
	EndGlobalSection
	GlobalSection(ProjectConfigurationPlatforms) = postSolution
		{1A8719A7-40FB-4FB4-B941-6D46FDF39A1A}.Debug|Any CPU.ActiveCfg = Debug|Any CPU
		{1A8719A7-40FB-4FB4-B941-6D46FDF39A1A}.Debug|Any CPU.Build.0 = Debug|Any CPU
		{1A8719A7-40FB-4FB4-B941-6D46FDF39A1A}.Release|Any CPU.ActiveCfg = Release|Any CPU
		{1A8719A7-40FB-4FB4-B941-6D46FDF39A1A}.Release|Any CPU.Build.0 = Release|Any CPU
		{8E7057DC-71A4-4D7D-83EC-4327E3863BE6}.Debug|Any CPU.ActiveCfg = Debug|Any CPU
		{8E7057DC-71A4-4D7D-83EC-4327E3863BE6}.Debug|Any CPU.Build.0 = Debug|Any CPU
		{8E7057DC-71A4-4D7D-83EC-4327E3863BE6}.Release|Any CPU.ActiveCfg = Release|Any CPU
		{8E7057DC-71A4-4D7D-83EC-4327E3863BE6}.Release|Any CPU.Build.0 = Release|Any CPU
	EndGlobalSection
	GlobalSection(SolutionProperties) = preSolution
		HideSolutionNode = FALSE
	EndGlobalSection
	GlobalSection(ExtensibilityGlobals) = postSolution
		SolutionGuid = {270DF290-E387-477C-9346-CCDDDE532A0D}
	EndGlobalSection
EndGlobal
