
Microsoft Visual Studio Solution File, Format Version 12.00
# Visual Studio Version 17
VisualStudioVersion = 17.5.002.0
MinimumVisualStudioVersion = 10.0.40219.1
Project("{9A19103F-16F7-4668-BE54-9A1E7A4F7556}") = "Banking_System", "Banking_System\Banking_System.csproj", "{8D1BCD56-6F9A-4FB5-8533-5AF0B6D187E0}"
EndProject
Project("{9A19103F-16F7-4668-BE54-9A1E7A4F7556}") = "Employee_Hierarchy", "Employee_Hierarchy\Employee_Hierarchy.csproj", "{063DC91A-5711-4CF3-8B57-4414EFF665FD}"
EndProject
Project("{9A19103F-16F7-4668-BE54-9A1E7A4F7556}") = "Shape_Hierarchy", "Shape_Hierarchy\Shape_Hierarchy.csproj", "{5DD1D0E5-5EE8-4A76-A083-0A36633FBD5F}"
EndProject
Global
	GlobalSection(SolutionConfigurationPlatforms) = preSolution
		Debug|Any CPU = Debug|Any CPU
		Release|Any CPU = Release|Any CPU
	EndGlobalSection
	GlobalSection(ProjectConfigurationPlatforms) = postSolution
		{8D1BCD56-6F9A-4FB5-8533-5AF0B6D187E0}.Debug|Any CPU.ActiveCfg = Debug|Any CPU
		{8D1BCD56-6F9A-4FB5-8533-5AF0B6D187E0}.Debug|Any CPU.Build.0 = Debug|Any CPU
		{8D1BCD56-6F9A-4FB5-8533-5AF0B6D187E0}.Release|Any CPU.ActiveCfg = Release|Any CPU
		{8D1BCD56-6F9A-4FB5-8533-5AF0B6D187E0}.Release|Any CPU.Build.0 = Release|Any CPU
		{063DC91A-5711-4CF3-8B57-4414EFF665FD}.Debug|Any CPU.ActiveCfg = Debug|Any CPU
		{063DC91A-5711-4CF3-8B57-4414EFF665FD}.Debug|Any CPU.Build.0 = Debug|Any CPU
		{063DC91A-5711-4CF3-8B57-4414EFF665FD}.Release|Any CPU.ActiveCfg = Release|Any CPU
		{063DC91A-5711-4CF3-8B57-4414EFF665FD}.Release|Any CPU.Build.0 = Release|Any CPU
		{5DD1D0E5-5EE8-4A76-A083-0A36633FBD5F}.Debug|Any CPU.ActiveCfg = Debug|Any CPU
		{5DD1D0E5-5EE8-4A76-A083-0A36633FBD5F}.Debug|Any CPU.Build.0 = Debug|Any CPU
		{5DD1D0E5-5EE8-4A76-A083-0A36633FBD5F}.Release|Any CPU.ActiveCfg = Release|Any CPU
		{5DD1D0E5-5EE8-4A76-A083-0A36633FBD5F}.Release|Any CPU.Build.0 = Release|Any CPU
	EndGlobalSection
	GlobalSection(SolutionProperties) = preSolution
		HideSolutionNode = FALSE
	EndGlobalSection
	GlobalSection(ExtensibilityGlobals) = postSolution
		SolutionGuid = {C0835B66-6BD0-4118-A0EB-1C54F806201E}
	EndGlobalSection
EndGlobal
